
Microsoft Visual Studio Solution File, Format Version 12.00
# Visual Studio Version 17
VisualStudioVersion = 17.1.32414.318
MinimumVisualStudioVersion = 10.0.40219.1
Project("{9A19103F-16F7-4668-BE54-9A1E7A4F7556}") = "AdventCoding", "AdventCoding\AdventCoding.csproj", "{52536F7B-8143-4AAD-B509-8875D0962DD5}"
EndProject
Project("{9A19103F-16F7-4668-BE54-9A1E7A4F7556}") = "Day1", "Day1\Day1.csproj", "{1E6208C5-485B-4360-B682-FA536218724B}"
EndProject
Project("{FAE04EC0-301F-11D3-BF4B-00C04F79EFBC}") = "Day2", "Day2\Day2.csproj", "{6FC03EB4-630C-4A81-9C81-60963520BCC5}"
EndProject
Global
	GlobalSection(SolutionConfigurationPlatforms) = preSolution
		Debug|Any CPU = Debug|Any CPU
		Release|Any CPU = Release|Any CPU
	EndGlobalSection
	GlobalSection(ProjectConfigurationPlatforms) = postSolution
		{52536F7B-8143-4AAD-B509-8875D0962DD5}.Debug|Any CPU.ActiveCfg = Debug|Any CPU
		{52536F7B-8143-4AAD-B509-8875D0962DD5}.Debug|Any CPU.Build.0 = Debug|Any CPU
		{52536F7B-8143-4AAD-B509-8875D0962DD5}.Release|Any CPU.ActiveCfg = Release|Any CPU
		{52536F7B-8143-4AAD-B509-8875D0962DD5}.Release|Any CPU.Build.0 = Release|Any CPU
		{1E6208C5-485B-4360-B682-FA536218724B}.Debug|Any CPU.ActiveCfg = Debug|Any CPU
		{1E6208C5-485B-4360-B682-FA536218724B}.Debug|Any CPU.Build.0 = Debug|Any CPU
		{1E6208C5-485B-4360-B682-FA536218724B}.Release|Any CPU.ActiveCfg = Release|Any CPU
		{1E6208C5-485B-4360-B682-FA536218724B}.Release|Any CPU.Build.0 = Release|Any CPU
		{6FC03EB4-630C-4A81-9C81-60963520BCC5}.Debug|Any CPU.ActiveCfg = Debug|Any CPU
		{6FC03EB4-630C-4A81-9C81-60963520BCC5}.Debug|Any CPU.Build.0 = Debug|Any CPU
		{6FC03EB4-630C-4A81-9C81-60963520BCC5}.Release|Any CPU.ActiveCfg = Release|Any CPU
		{6FC03EB4-630C-4A81-9C81-60963520BCC5}.Release|Any CPU.Build.0 = Release|Any CPU
	EndGlobalSection
	GlobalSection(SolutionProperties) = preSolution
		HideSolutionNode = FALSE
	EndGlobalSection
	GlobalSection(ExtensibilityGlobals) = postSolution
		SolutionGuid = {BE52B1EA-2E46-4C36-8576-2AE1633EB2B0}
	EndGlobalSection
EndGlobal
